{
    "hash": "60bd18e01329204064bd1648b7d73b5d",
    "packages": [
        {
            "name": "doctrine/common",
            "version": "2.1.x-dev",
            "source": {
                "type": "git",
                "url": "https://github.com/doctrine/common",
                "reference": "41794945e795e108060eddb3342c9e13524b9b3e"
            },
            "dist": {
                "type": "zip",
                "url": "https://github.com/doctrine/common/zipball/41794945e795e108060eddb3342c9e13524b9b3e",
                "reference": "41794945e795e108060eddb3342c9e13524b9b3e",
                "shasum": ""
            },
            "require": {
                "php": ">=5.3.2"
            },
            "time": "1331851788",
            "type": "library",
            "installation-source": "source",
            "autoload": {
                "psr-0": {
                    "Doctrine\\Common": "lib/"
                }
            },
            "license": [
                "LGPL"
            ],
            "authors": [
                {
                    "name": "Jonathan Wage",
                    "email": "jonwage@gmail.com",
                    "homepage": "http://www.jwage.com/"
                },
                {
                    "name": "Guilherme Blanco",
                    "email": "guilhermeblanco@gmail.com",
                    "homepage": "http://www.instaclick.com"
                },
                {
                    "name": "Roman Borschel",
                    "email": "roman@code-factory.org"
                },
                {
                    "name": "Benjamin Eberlei",
                    "email": "kontakt@beberlei.de"
                },
                {
                    "name": "Johannes M. Schmitt",
                    "email": "schmittjoh@gmail.com",
                    "homepage": "http://jmsyst.com",
                    "role": "Developer of wrapped JMSSerializerBundle"
                }
            ],
            "description": "Common Library for Doctrine projects",
            "homepage": "http://www.doctrine-project.org",
            "keywords": [
                "collections",
                "spl",
                "eventmanager",
                "annotations",
                "persistence"
            ]
        },
        {
            "name": "doctrine/dbal",
            "version": "2.1.x-dev",
            "source": {
                "type": "git",
                "url": "https://github.com/doctrine/dbal",
                "reference": "76799960a54af583e82bedcf246e8c9c18006e94"
            },
            "dist": {
                "type": "zip",
                "url": "https://github.com/doctrine/dbal/zipball/76799960a54af583e82bedcf246e8c9c18006e94",
                "reference": "76799960a54af583e82bedcf246e8c9c18006e94",
                "shasum": ""
            },
            "require": {
                "php": ">=5.3.2",
                "doctrine/common": "2.*"
            },
            "time": "1338146238",
            "type": "library",
            "installation-source": "source",
            "autoload": {
                "psr-0": {
                    "Doctrine\\DBAL": "lib/"
                }
            },
            "license": [
                "LGPL"
            ],
            "authors": [
                {
                    "name": "Jonathan Wage",
                    "email": "jonwage@gmail.com",
                    "homepage": "http://www.jwage.com/"
                },
                {
                    "name": "Guilherme Blanco",
                    "email": "guilhermeblanco@gmail.com",
                    "homepage": "http://www.instaclick.com"
                },
                {
                    "name": "Roman Borschel",
                    "email": "roman@code-factory.org"
                },
                {
                    "name": "Benjamin Eberlei",
                    "email": "kontakt@beberlei.de"
                }
            ],
            "description": "Database Abstraction Layer",
            "homepage": "http://www.doctrine-project.org",
            "keywords": [
                "database",
                "persistence",
                "dbal",
                "queryobject"
            ]
        },
        {
            "name": "doctrine/orm",
            "version": "2.1.x-dev",
            "source": {
                "type": "git",
                "url": "git://github.com/doctrine/doctrine2.git",
                "reference": "1c0f88f2b398a9709d32c6d62896c4db9f9f3c9a"
            },
            "dist": {
                "type": "zip",
                "url": "https://github.com/doctrine/doctrine2/zipball/1c0f88f2b398a9709d32c6d62896c4db9f9f3c9a",
                "reference": "1c0f88f2b398a9709d32c6d62896c4db9f9f3c9a",
                "shasum": ""
            },
            "require": {
                "php": ">=5.3.2",
                "ext-pdo": "*",
                "doctrine/common": "2.1.*",
                "doctrine/dbal": "2.1.*"
            },
            "time": "1343556552",
            "type": "library",
            "installation-source": "source",
            "autoload": {
                "psr-0": {
                    "Doctrine\\ORM": "lib/"
                }
            },
            "license": [
                "LGPL"
            ],
            "authors": [
                {
                    "name": "Jonathan Wage",
                    "email": "jonwage@gmail.com",
                    "homepage": "http://www.jwage.com/"
                },
                {
                    "name": "Guilherme Blanco",
                    "email": "guilhermeblanco@gmail.com",
                    "homepage": "http://www.instaclick.com"
                },
                {
                    "name": "Roman Borschel",
                    "email": "roman@code-factory.org"
                },
                {
                    "name": "Benjamin Eberlei",
                    "email": "kontakt@beberlei.de"
                }
            ],
            "description": "Object-Relational-Mapper for PHP",
            "homepage": "http://www.doctrine-project.org",
            "keywords": [
                "database",
                "orm"
            ]
        },
        {
            "name": "jms/metadata",
            "version": "1.1.1",
            "source": {
                "type": "git",
                "url": "https://github.com/schmittjoh/metadata",
                "reference": "1.1.1"
            },
            "dist": {
                "type": "zip",
                "url": "https://github.com/schmittjoh/metadata/zipball/1.1.1",
                "reference": "1.1.1",
                "shasum": ""
            },
            "require": {
                "php": ">=5.3.0"
            },
            "time": "2012-01-02 13:32:49",
            "type": "library",
            "installation-source": "dist",
            "autoload": {
                "psr-0": {
                    "Metadata\\": "src/"
                }
            },
            "license": [
                "Apache"
            ],
            "authors": [
                {
                    "name": "Johannes M. Schmitt",
                    "email": "schmittjoh@gmail.com",
                    "homepage": "http://jmsyst.com",
                    "role": "Developer of wrapped JMSSerializerBundle"
                }
            ],
            "description": "Class/method/property metadata management in PHP",
            "keywords": [
                "annotations",
                "yaml",
                "xml",
                "metadata"
            ]
        },
        {
            "name": "jms/security-extra-bundle",
            "version": "1.0.x-dev",
            "target-dir": "JMS/SecurityExtraBundle",
            "source": {
                "type": "git",
                "url": "https://github.com/schmittjoh/JMSSecurityExtraBundle",
                "reference": "e752f888c51425f71382c056961f10f2be642102"
            },
            "dist": {
                "type": "zip",
                "url": "https://github.com/schmittjoh/JMSSecurityExtraBundle/zipball/e752f888c51425f71382c056961f10f2be642102",
                "reference": "e752f888c51425f71382c056961f10f2be642102",
                "shasum": ""
            },
            "require": {
                "symfony/framework-bundle": "2.0.*",
                "symfony/security-bundle": "2.0.*",
                "jms/metadata": "1.1.*"
            },
            "time": "1334940270",
            "type": "symfony-bundle",
            "installation-source": "source",
            "autoload": {
                "psr-0": {
                    "JMS\\SecurityExtraBundle": ""
                }
            },
            "license": [
                "Apache"
            ],
            "authors": [
                {
                    "name": "Johannes M. Schmitt",
                    "email": "schmittjoh@gmail.com",
                    "homepage": "http://jmsyst.com",
                    "role": "Developer of wrapped JMSSerializerBundle"
                }
            ],
            "description": "Enhances the Symfony2 Security Component by adding several new features",
            "keywords": [
                "annotations",
                "authorization"
            ]
        },
        {
            "name": "kriswallsmith/assetic",
            "version": "1.0.x-dev",
            "source": {
                "type": "git",
                "url": "http://github.com/kriswallsmith/assetic.git",
                "reference": "87410e986d995553dad04d67df993c702a6ef1c5"
            },
            "dist": {
                "type": "zip",
                "url": "https://github.com/kriswallsmith/assetic/zipball/87410e986d995553dad04d67df993c702a6ef1c5",
                "reference": "87410e986d995553dad04d67df993c702a6ef1c5",
                "shasum": ""
            },
            "require": {
                "php": ">=5.3.1"
            },
            "time": "1348075074",
            "type": "library",
            "installation-source": "source",
            "autoload": {
                "psr-0": {
                    "Assetic": "src/"
                }
            },
            "license": [
                "MIT"
            ],
            "authors": [
                {
                    "name": "Kris Wallsmith",
                    "email": "kris.wallsmith@gmail.com",
                    "homepage": "http://kriswallsmith.net/"
                }
            ],
            "description": "Asset Management for PHP",
            "homepage": "https://github.com/kriswallsmith/assetic",
            "keywords": [
                "assets",
                "compression",
                "minification"
            ]
        },
        {
            "name": "monolog/monolog",
            "version": "1.2.1",
            "source": {
                "type": "git",
                "url": "https://github.com/Seldaek/monolog",
                "reference": "1.2.1"
            },
            "dist": {
                "type": "zip",
                "url": "https://github.com/Seldaek/monolog/zipball/1.2.1",
                "reference": "1.2.1",
                "shasum": ""
            },
            "require": {
                "php": ">=5.3.0"
            },
            "require-dev": {
                "mlehner/gelf-php": "1.0.*"
            },
            "suggest": {
                "mlehner/gelf-php": "Allow sending log messages to a GrayLog2 server",
                "ext-amqp": "Allow sending log messages to an AMQP server (1.0+ required)",
                "ext-mongo": "Allow sending log messages to a MongoDB server"
            },
            "time": "2012-08-29 04:53:20",
            "type": "library",
            "extra": {
                "branch-alias": {
                    "dev-master": "1.3.x-dev"
                }
            },
            "installation-source": "dist",
            "autoload": {
                "psr-0": {
                    "Monolog": "src/"
                }
            },
            "license": [
                "MIT"
            ],
            "authors": [
                {
                    "name": "Jordi Boggiano",
                    "email": "j.boggiano@seld.be",
                    "homepage": "http://seld.be",
                    "role": "Developer"
                }
            ],
            "description": "Logging for PHP 5.3",
            "homepage": "http://github.com/Seldaek/monolog",
            "keywords": [
                "log",
                "logging"
            ]
        },
        {
            "name": "sensio/distribution-bundle",
            "version": "2.0.x-dev",
            "target-dir": "Sensio/Bundle/DistributionBundle",
            "source": {
                "type": "git",
                "url": "https://github.com/sensio/SensioDistributionBundle",
                "reference": "v2.0.17"
            },
            "dist": {
                "type": "zip",
                "url": "https://github.com/sensio/SensioDistributionBundle/zipball/v2.0.17",
                "reference": "v2.0.17",
                "shasum": ""
            },
            "require": {
                "symfony/framework-bundle": "2.0.*"
            },
            "time": "1337272950",
            "type": "symfony-bundle",
            "installation-source": "source",
            "autoload": {
                "psr-0": {
                    "Sensio\\Bundle\\DistributionBundle": ""
                }
            },
            "license": [
                "MIT"
            ],
            "authors": [
                {
                    "name": "Fabien Potencier",
                    "email": "fabien@symfony.com"
                }
            ],
            "description": "The base bundle for the Symfony Distributions",
            "keywords": [
                "distribution",
                "configuration"
            ]
        },
        {
            "name": "sensio/framework-extra-bundle",
            "version": "2.0.x-dev",
            "target-dir": "Sensio/Bundle/FrameworkExtraBundle",
            "source": {
                "type": "git",
                "url": "https://github.com/sensio/SensioFrameworkExtraBundle",
                "reference": "v2.0.17"
            },
            "dist": {
                "type": "zip",
                "url": "https://github.com/sensio/SensioFrameworkExtraBundle/zipball/v2.0.17",
                "reference": "v2.0.17",
                "shasum": ""
            },
            "require": {
                "symfony/framework-bundle": "2.0.*",
                "doctrine/common": ">=2.1,<2.4-dev"
            },
            "time": "1343372444",
            "type": "symfony-bundle",
            "installation-source": "source",
            "autoload": {
                "psr-0": {
                    "Sensio\\Bundle\\FrameworkExtraBundle": ""
                }
            },
            "license": [
                "MIT"
            ],
            "authors": [
                {
                    "name": "Fabien Potencier",
                    "email": "fabien@symfony.com"
                }
            ],
            "description": "This bundle provides a way to configure your controllers with annotations",
            "keywords": [
                "annotations",
                "controllers"
            ]
        },
        {
            "name": "sensio/generator-bundle",
            "version": "2.0.x-dev",
            "target-dir": "Sensio/Bundle/GeneratorBundle",
            "source": {
                "type": "git",
                "url": "https://github.com/sensio/SensioGeneratorBundle",
                "reference": "v2.0.17"
            },
            "dist": {
                "type": "zip",
                "url": "https://github.com/sensio/SensioGeneratorBundle/zipball/v2.0.17",
                "reference": "v2.0.17",
                "shasum": ""
            },
            "require": {
                "symfony/framework-bundle": "2.0.*",
                "symfony/doctrine-bundle": "2.0.*"
            },
            "time": "1339741720",
            "type": "symfony-bundle",
            "installation-source": "source",
            "autoload": {
                "psr-0": {
                    "Sensio\\Bundle\\GeneratorBundle": ""
                }
            },
            "license": [
                "MIT"
            ],
            "authors": [
                {
                    "name": "Fabien Potencier",
                    "email": "fabien@symfony.com"
                }
            ],
            "description": "Generates Symfony2 bundles, entities, forms, CRUD, and more...",
            "keywords": [
                "code generation"
            ]
        },
        {
            "name": "swiftmailer/swiftmailer",
            "version": "dev-master",
            "source": {
                "type": "git",
                "url": "git://github.com/swiftmailer/swiftmailer.git",
                "reference": "22731e907f5ca288c9bfde6b54f3611ace0a6c39"
            },
            "dist": {
                "type": "zip",
                "url": "https://github.com/swiftmailer/swiftmailer/zipball/22731e907f5ca288c9bfde6b54f3611ace0a6c39",
                "reference": "22731e907f5ca288c9bfde6b54f3611ace0a6c39",
                "shasum": ""
            },
            "require": {
                "php": ">=5.2.4"
            },
            "time": "1349196829",
            "type": "library",
            "extra": {
                "branch-alias": {
                    "dev-master": "4.2-dev"
                }
            },
            "installation-source": "source",
            "autoload": {
                "files": [
                    "lib/swift_required.php"
                ]
            },
            "license": [
                "LGPL"
            ],
            "authors": [
                {
                    "name": "Fabien Potencier",
                    "email": "fabien@symfony.com"
                },
                {
                    "name": "Chris Corbyn"
                }
            ],
            "description": "Swiftmailer, free feature-rich PHP mailer",
            "homepage": "http://swiftmailer.org",
            "keywords": [
                "mail",
                "mailer"
            ]
        },
        {
            "name": "symfony/assetic-bundle",
            "version": "2.0.x-dev",
            "target-dir": "Symfony/Bundle/AsseticBundle",
            "source": {
                "type": "git",
                "url": "https://github.com/symfony/AsseticBundle",
                "reference": "6f15728c1aefa5246caa83730e3dbf70b0d46052"
            },
            "dist": {
                "type": "zip",
                "url": "https://github.com/symfony/AsseticBundle/zipball/6f15728c1aefa5246caa83730e3dbf70b0d46052",
                "reference": "6f15728c1aefa5246caa83730e3dbf70b0d46052",
                "shasum": ""
            },
            "require": {
                "php": ">=5.3.0",
                "kriswallsmith/assetic": "1.0.*",
                "symfony/framework-bundle": "2.0.*"
            },
            "suggest": {
                "symfony/twig-bundle": "2.0.*"
            },
            "time": "1342820272",
            "type": "symfony-bundle",
            "installation-source": "source",
            "autoload": {
                "psr-0": {
                    "Symfony\\Bundle\\AsseticBundle": ""
                }
            },
            "license": [
                "MIT"
            ],
            "authors": [
                {
                    "name": "Kris Wallsmith",
                    "email": "kris.wallsmith@gmail.com",
                    "homepage": "http://kriswallsmith.net/"
                }
            ],
            "description": "Integrates Assetic into Symfony2",
            "homepage": "https://github.com/symfony/AsseticBundle",
            "keywords": [
                "assets",
                "compression",
                "minification"
            ]
        },
        {
            "name": "symfony/symfony",
            "version": "2.0.x-dev",
            "source": {
                "type": "git",
                "url": "git://github.com/symfony/symfony.git",
                "reference": "12ad992ae5327a9084c64efcc761cb8fb23a2033"
            },
            "dist": {
                "type": "zip",
                "url": "https://github.com/symfony/symfony/zipball/12ad992ae5327a9084c64efcc761cb8fb23a2033",
                "reference": "12ad992ae5327a9084c64efcc761cb8fb23a2033",
                "shasum": ""
            },
            "require": {
                "php": ">=5.3.2",
                "twig/twig": ">=1.1,<2.0-dev",
                "doctrine/common": ">=2.1,<2.3-dev",
                "swiftmailer/swiftmailer": "4.2.*",
                "monolog/monolog": ">=1.0,<1.3-dev"
            },
            "replace": {
                "symfony/doctrine-bridge": "self.version",
                "symfony/monolog-bridge": "self.version",
                "symfony/twig-bridge": "self.version",
                "symfony/doctrine-abstract-bundle": "self.version",
                "symfony/doctrine-bundle": "self.version",
                "symfony/framework-bundle": "self.version",
                "symfony/monolog-bundle": "self.version",
                "symfony/security-bundle": "self.version",
                "symfony/swiftmailer-bundle": "self.version",
                "symfony/twig-bundle": "self.version",
                "symfony/web-profiler-bundle": "self.version",
                "symfony/browser-kit": "self.version",
                "symfony/class-loader": "self.version",
                "symfony/config": "self.version",
                "symfony/console": "self.version",
                "symfony/css-selector": "self.version",
                "symfony/dependency-injection": "self.version",
                "symfony/dom-crawler": "self.version",
                "symfony/event-dispatcher": "self.version",
                "symfony/finder": "self.version",
                "symfony/form": "self.version",
                "symfony/http-foundation": "self.version",
                "symfony/http-kernel": "self.version",
                "symfony/locale": "self.version",
                "symfony/process": "self.version",
                "symfony/routing": "self.version",
                "symfony/security": "self.version",
                "symfony/serializer": "self.version",
                "symfony/templating": "self.version",
                "symfony/translation": "self.version",
                "symfony/validator": "self.version",
                "symfony/yaml": "self.version",
                "symfony/swiftmailer-bridge": "self.version"
            },
            "time": "1350386896",
            "type": "library",
            "installation-source": "source",
            "autoload": {
                "psr-0": {
                    "Symfony": "src/"
                }
            },
            "license": [
                "MIT"
            ],
            "authors": [
                {
                    "name": "Fabien Potencier",
                    "email": "fabien@symfony.com"
                },
                {
                    "name": "Symfony Community",
                    "homepage": "http://symfony.com/contributors"
                }
            ],
            "description": "The Symfony PHP framework",
            "homepage": "http://symfony.com",
            "keywords": [
                "framework"
            ]
        },
        {
            "name": "twig/extensions",
            "version": "dev-master",
            "source": {
                "type": "git",
                "url": "https://github.com/fabpot/Twig-extensions",
                "reference": "dcdff02fbac1282e6b8f4d0558cc7e9580105688"
            },
            "dist": {
                "type": "zip",
                "url": "https://github.com/fabpot/Twig-extensions/zipball/dcdff02fbac1282e6b8f4d0558cc7e9580105688",
                "reference": "dcdff02fbac1282e6b8f4d0558cc7e9580105688",
                "shasum": ""
            },
            "require": {
                "twig/twig": "1.*"
            },
            "time": "1349889206",
            "type": "library",
            "extra": {
                "branch-alias": {
                    "dev-master": "1.0.x-dev"
                }
            },
            "installation-source": "source",
            "autoload": {
                "psr-0": {
                    "Twig_Extensions_": "lib/"
                }
            },
            "license": [
                "MIT"
            ],
            "authors": [
                {
                    "name": "Fabien Potencier",
                    "email": "fabien@symfony.com"
                }
            ],
            "description": "Common additional features for Twig that do not directly belong in core",
            "homepage": "https://github.com/fabpot/Twig-extensions",
            "keywords": [
                "debug",
                "i18n",
                "text"
            ]
        },
        {
            "name": "twig/twig",
            "version": "dev-master",
            "source": {
                "type": "git",
                "url": "git://github.com/fabpot/Twig.git",
                "reference": "bac6bc7851c51692af1d855065e88b564e047b3b"
            },
            "dist": {
                "type": "zip",
                "url": "https://github.com/fabpot/Twig/zipball/bac6bc7851c51692af1d855065e88b564e047b3b",
                "reference": "bac6bc7851c51692af1d855065e88b564e047b3b",
                "shasum": ""
            },
            "require": {
                "php": ">=5.2.4"
            },
            "time": "1350391198",
            "type": "library",
            "extra": {
                "branch-alias": {
                    "dev-master": "1.10-dev"
                }
            },
            "installation-source": "source",
            "autoload": {
                "psr-0": {
                    "Twig_": "lib/"
                }
            },
            "license": [
                "BSD-3"
            ],
            "authors": [
                {
                    "name": "Fabien Potencier",
                    "email": "fabien@symfony.com"
                },
                {
                    "name": "Armin Ronacher",
                    "email": "armin.ronacher@active-4.com"
                }
            ],
            "description": "Twig, the flexible, fast, and secure template language for PHP",
            "homepage": "http://twig.sensiolabs.org",
            "keywords": [
                "templating"
            ]
        }
    ],
    "packages-dev": null,
    "aliases": [

    ],
    "minimum-stability": "dev",
    "stability-flags": [

    ]
}
