{
    "hash": "698e978c8261731d525ef8240199dfa9",
    "packages": [
        {
            "package": "doctrine/common",
            "version": "2.1.x-dev",
            "source-reference": "41794945e795e108060eddb3342c9e13524b9b3e"
        },
        {
            "package": "doctrine/dbal",
            "version": "2.1.x-dev",
            "source-reference": "76799960a54af583e82bedcf246e8c9c18006e94"
        },
        {
            "package": "doctrine/orm",
            "version": "2.1.x-dev",
            "source-reference": "417b6b0e5e81c4da90745728b3f05bd5fcb5cccd"
        },
        {
            "package": "jms/metadata",
            "version": "1.1.1"
        },
        {
            "package": "jms/security-extra-bundle",
            "version": "1.0.x-dev",
            "source-reference": "e752f888c51425f71382c056961f10f2be642102"
        },
        {
            "package": "kriswallsmith/assetic",
            "version": "1.0.x-dev",
            "source-reference": "e52c8b362d388673b0c90649d07341f7839eca98"
        },
        {
            "package": "monolog/monolog",
            "version": "1.1.0"
        },
        {
            "package": "sensio/distribution-bundle",
            "version": "2.0.x-dev",
            "source-reference": "41a6c5caed65f02bb09c95a90579f047616471fd"
        },
        {
            "package": "sensio/framework-extra-bundle",
            "version": "2.0.x-dev",
            "source-reference": "1eda94d838aa885e154f92f426df35f2252cdb92"
        },
        {
            "package": "sensio/generator-bundle",
            "version": "2.0.x-dev",
            "source-reference": "83b768a487a6878f2bc2ad6859bd61a3651a7885"
        },
        {
            "package": "swiftmailer/swiftmailer",
            "version": "dev-master",
            "source-reference": "d33d54cc8a081b0b85734744936ede1ba230dd64"
        },
        {
            "package": "swiftmailer/swiftmailer",
            "version": "dev-master",
            "source-reference": "d33d54cc8a081b0b85734744936ede1ba230dd64",
            "alias-pretty-version": "4.1.x-dev",
            "alias-version": "4.1.9999999.9999999-dev"
        },
        {
            "package": "symfony/assetic-bundle",
            "version": "2.0.x-dev",
            "source-reference": "3515e6f0ab1e628bd9208a0d4316d011511a99cb"
        },
        {
            "package": "symfony/symfony",
            "version": "2.0.x-dev",
            "source-reference": "9a5e6c9081dd96212d2945cbc4e4d9807ffd4c48"
        },
        {
            "package": "twig/extensions",
            "version": "dev-master",
            "source-reference": "feb6d3f10c411e2631997c0a905aa581c80305c1"
        },
        {
            "package": "twig/twig",
            "version": "dev-master",
            "source-reference": "6d072640c44f1781049afd2d96060c72da80662a"
        },
        {
            "package": "twig/twig",
            "version": "dev-master",
            "source-reference": "6d072640c44f1781049afd2d96060c72da80662a",
            "alias-pretty-version": "1.8.x-dev",
            "alias-version": "1.8.9999999.9999999-dev"
        }
    ],
    "packages-dev": null,
    "aliases": [

    ],
    "minimum-stability": "dev",
    "stability-flags": [

    ]
}
